{
  "name": "qr-scanner",
  "version": "0.0.1",
  "lockfileVersion": 1,
  "requires": true,
  "dependencies": {
    "@capacitor/core": {
      "version": "2.4.7",
      "resolved": "https://registry.npmjs.org/@capacitor/core/-/core-2.4.7.tgz",
      "integrity": "sha512-ZPzXXQ4EPwR/ZhNDkmlxyzw4FvquIl/ROj8HMMM0MEd4xZfM8ulNGPIL6br9TWdlFLGBKq40eymPZjKaivGnig==",
      "requires": {
        "tslib": "^1.9.0"
      },
      "dependencies": {
        "tslib": {
          "version": "1.14.1",
          "resolved": "https://registry.npmjs.org/tslib/-/tslib-1.14.1.tgz",
          "integrity": "sha512-Xni35NKzjgMrwevysHTCArtLDpPvye8zV/0E4EyYn43P7/7qvQwPh9BGkHewbMulVntbigmcT7rdX3BNo9wRJg=="
        }
      }
    },
    "@dutchconcepts/capacitor-barcode-scanner": {
      "version": "1.1.1",
      "resolved": "https://registry.npmjs.org/@dutchconcepts/capacitor-barcode-scanner/-/capacitor-barcode-scanner-1.1.1.tgz",
      "integrity": "sha512-EwI1PNFe/PZk3/VstmsX3hBLhida1wzgGd7/QRSTIfAmx0V7TLd2tnapbrHjryn7vLknGTnbhMo9648dPsVPTA=="
    },
    "rxjs": {
      "version": "6.6.6",
      "resolved": "https://registry.npmjs.org/rxjs/-/rxjs-6.6.6.tgz",
      "integrity": "sha512-/oTwee4N4iWzAMAL9xdGKjkEHmIwupR3oXbQjCKywF1BeFohswF3vZdogbmEF6pZkOsXTzWkrZszrWpQTByYVg==",
      "requires": {
        "tslib": "^1.9.0"
      },
      "dependencies": {
        "tslib": {
          "version": "1.14.1",
          "resolved": "https://registry.npmjs.org/tslib/-/tslib-1.14.1.tgz",
          "integrity": "sha512-Xni35NKzjgMrwevysHTCArtLDpPvye8zV/0E4EyYn43P7/7qvQwPh9BGkHewbMulVntbigmcT7rdX3BNo9wRJg=="
        }
      }
    }
  }
}
